
Microsoft Visual Studio Solution File, Format Version 12.00
# Visual Studio Version 17
VisualStudioVersion = 17.0.31919.166
MinimumVisualStudioVersion = 10.0.40219.1
Project("{F184B08F-C81C-45F6-A57F-5ABD9991F28F}") = "View_InterfaceDesktop", "View_InterfaceDesktop\View_InterfaceDesktop.vbproj", "{3A68C10A-EF9F-4C0D-BB55-C1D38AF90105}"
EndProject
Project("{F184B08F-C81C-45F6-A57F-5ABD9991F28F}") = "Model", "Model\Model.vbproj", "{50DCE731-06E9-49BF-B09B-827430C1AC20}"
EndProject
Project("{FAE04EC0-301F-11D3-BF4B-00C04F79EFBC}") = "DesktopController", "DesktopController\DesktopController.csproj", "{5AEFAB10-1D82-4E13-8798-54E9123712FD}"
EndProject
Project("{FAE04EC0-301F-11D3-BF4B-00C04F79EFBC}") = "DBControl", "DBControl\DBControl.csproj", "{CF64CF95-739E-44EA-8DBC-FE551A8C0C19}"
EndProject
Global
	GlobalSection(SolutionConfigurationPlatforms) = preSolution
		Debug|Any CPU = Debug|Any CPU
		Release|Any CPU = Release|Any CPU
	EndGlobalSection
	GlobalSection(ProjectConfigurationPlatforms) = postSolution
		{3A68C10A-EF9F-4C0D-BB55-C1D38AF90105}.Debug|Any CPU.ActiveCfg = Debug|Any CPU
		{3A68C10A-EF9F-4C0D-BB55-C1D38AF90105}.Debug|Any CPU.Build.0 = Debug|Any CPU
		{3A68C10A-EF9F-4C0D-BB55-C1D38AF90105}.Release|Any CPU.ActiveCfg = Release|Any CPU
		{3A68C10A-EF9F-4C0D-BB55-C1D38AF90105}.Release|Any CPU.Build.0 = Release|Any CPU
		{50DCE731-06E9-49BF-B09B-827430C1AC20}.Debug|Any CPU.ActiveCfg = Debug|Any CPU
		{50DCE731-06E9-49BF-B09B-827430C1AC20}.Debug|Any CPU.Build.0 = Debug|Any CPU
		{50DCE731-06E9-49BF-B09B-827430C1AC20}.Release|Any CPU.ActiveCfg = Release|Any CPU
		{50DCE731-06E9-49BF-B09B-827430C1AC20}.Release|Any CPU.Build.0 = Release|Any CPU
		{5AEFAB10-1D82-4E13-8798-54E9123712FD}.Debug|Any CPU.ActiveCfg = Debug|Any CPU
		{5AEFAB10-1D82-4E13-8798-54E9123712FD}.Debug|Any CPU.Build.0 = Debug|Any CPU
		{5AEFAB10-1D82-4E13-8798-54E9123712FD}.Release|Any CPU.ActiveCfg = Release|Any CPU
		{5AEFAB10-1D82-4E13-8798-54E9123712FD}.Release|Any CPU.Build.0 = Release|Any CPU
		{CF64CF95-739E-44EA-8DBC-FE551A8C0C19}.Debug|Any CPU.ActiveCfg = Debug|Any CPU
		{CF64CF95-739E-44EA-8DBC-FE551A8C0C19}.Debug|Any CPU.Build.0 = Debug|Any CPU
		{CF64CF95-739E-44EA-8DBC-FE551A8C0C19}.Release|Any CPU.ActiveCfg = Release|Any CPU
		{CF64CF95-739E-44EA-8DBC-FE551A8C0C19}.Release|Any CPU.Build.0 = Release|Any CPU
	EndGlobalSection
	GlobalSection(SolutionProperties) = preSolution
		HideSolutionNode = FALSE
	EndGlobalSection
	GlobalSection(ExtensibilityGlobals) = postSolution
		SolutionGuid = {E096496B-ABA3-4C51-8219-2F5057AAF9A3}
	EndGlobalSection
EndGlobal
